
Microsoft Visual Studio Solution File, Format Version 12.00
# Visual Studio Version 16
VisualStudioVersion = 16.0.31019.35
MinimumVisualStudioVersion = 10.0.40219.1
Project("{FAE04EC0-301F-11D3-BF4B-00C04F79EFBC}") = "Validate Binary Search Tree", "Validate Binary Search Tree\Validate Binary Search Tree.csproj", "{D8A8BF81-2AC4-47BF-B0BC-89301485E517}"
EndProject
Global
	GlobalSection(SolutionConfigurationPlatforms) = preSolution
		Debug|Any CPU = Debug|Any CPU
		Release|Any CPU = Release|Any CPU
	EndGlobalSection
	GlobalSection(ProjectConfigurationPlatforms) = postSolution
		{D8A8BF81-2AC4-47BF-B0BC-89301485E517}.Debug|Any CPU.ActiveCfg = Debug|Any CPU
		{D8A8BF81-2AC4-47BF-B0BC-89301485E517}.Debug|Any CPU.Build.0 = Debug|Any CPU
		{D8A8BF81-2AC4-47BF-B0BC-89301485E517}.Release|Any CPU.ActiveCfg = Release|Any CPU
		{D8A8BF81-2AC4-47BF-B0BC-89301485E517}.Release|Any CPU.Build.0 = Release|Any CPU
	EndGlobalSection
	GlobalSection(SolutionProperties) = preSolution
		HideSolutionNode = FALSE
	EndGlobalSection
	GlobalSection(ExtensibilityGlobals) = postSolution
		SolutionGuid = {432CCA8F-601C-4B5A-A4E8-7E47250868B5}
	EndGlobalSection
EndGlobal
